
Microsoft Visual Studio Solution File, Format Version 12.00
# Visual Studio Version 17
VisualStudioVersion = 17.4.33213.308
MinimumVisualStudioVersion = 10.0.40219.1
Project("{FAE04EC0-301F-11D3-BF4B-00C04F79EFBC}") = "SwitchBoard", "SwitchBoard\SwitchBoard.csproj", "{80682B8A-361A-4D8C-9ADD-582CD9A97142}"
EndProject
Global
	GlobalSection(SolutionConfigurationPlatforms) = preSolution
		Debug|Any CPU = Debug|Any CPU
		Release|Any CPU = Release|Any CPU
	EndGlobalSection
	GlobalSection(ProjectConfigurationPlatforms) = postSolution
		{80682B8A-361A-4D8C-9ADD-582CD9A97142}.Debug|Any CPU.ActiveCfg = Debug|Any CPU
		{80682B8A-361A-4D8C-9ADD-582CD9A97142}.Debug|Any CPU.Build.0 = Debug|Any CPU
		{80682B8A-361A-4D8C-9ADD-582CD9A97142}.Release|Any CPU.ActiveCfg = Release|Any CPU
		{80682B8A-361A-4D8C-9ADD-582CD9A97142}.Release|Any CPU.Build.0 = Release|Any CPU
	EndGlobalSection
	GlobalSection(SolutionProperties) = preSolution
		HideSolutionNode = FALSE
	EndGlobalSection
	GlobalSection(ExtensibilityGlobals) = postSolution
		SolutionGuid = {5E93E86E-B15B-4380-9485-84B1F36ABCDC}
	EndGlobalSection
EndGlobal
